// !$*UTF8*$!
{
	archiveVersion = 1;
	classes = {
	};
	objectVersion = 77;
	objects = {

/* Begin PBXContainerItemProxy section */
		C328F80F2EFE3AAE0041A405 /* PBXContainerItemProxy */ = {
			isa = PBXContainerItemProxy;
			containerPortal = C328F7F62EFE3AAD0041A405 /* Project object */;
			proxyType = 1;
			remoteGlobalIDString = C328F7FD2EFE3AAD0041A405;
			remoteInfo = MeetInMiddle;
		};
		C328F8192EFE3AAE0041A405 /* PBXContainerItemProxy */ = {
			isa = PBXContainerItemProxy;
			containerPortal = C328F7F62EFE3AAD0041A405 /* Project object */;
			proxyType = 1;
			remoteGlobalIDString = C328F7FD2EFE3AAD0041A405;
			remoteInfo = MeetInMiddle;
		};
/* End PBXContainerItemProxy section */

/* Begin PBXFileReference section */
		C328F7FE2EFE3AAD0041A405 /* MeetInMiddle.app */ = {isa = PBXFileReference; explicitFileType = wrapper.application; includeInIndex = 0; path = MeetInMiddle.app; sourceTree = BUILT_PRODUCTS_DIR; };
		C328F80E2EFE3AAE0041A405 /* MeetInMiddleTests.xctest */ = {isa = PBXFileReference; explicitFileType = wrapper.cfbundle; includeInIndex = 0; path = MeetInMiddleTests.xctest; sourceTree = BUILT_PRODUCTS_DIR; };
		C328F8182EFE3AAE0041A405 /* MeetInMiddleUITests.xctest */ = {isa = PBXFileReference; explicitFileType = wrapper.cfbundle; includeInIndex = 0; path = MeetInMiddleUITests.xctest; sourceTree = BUILT_PRODUCTS_DIR; };
/* End PBXFileReference section */

/* Begin PBXFileSystemSynchronizedRootGroup section */
		C328F8002EFE3AAD0041A405 /* MeetInMiddle */ = {
			isa = PBXFileSystemSynchronizedRootGroup;
			path = MeetInMiddle;
			sourceTree = "<group>";
		};
		C328F8112EFE3AAE0041A405 /* MeetInMiddleTests */ = {
			isa = PBXFileSystemSynchronizedRootGroup;
			path = MeetInMiddleTests;
			sourceTree = "<group>";
		};
		C328F81B2EFE3AAE0041A405 /* MeetInMiddleUITests */ = {
			isa = PBXFileSystemSynchronizedRootGroup;
			path = MeetInMiddleUITests;
			sourceTree = "<group>";
		};
/* End PBXFileSystemSynchronizedRootGroup section */

/* Begin PBXFrameworksBuildPhase section */
		C328F7FB2EFE3AAD0041A405 /* Frameworks */ = {
			isa = PBXFrameworksBuildPhase;
			buildActionMask = 2147483647;
			files = (
			);
			runOnlyForDeploymentPostprocessing = 0;
		};
		C328F80B2EFE3AAE0041A405 /* Frameworks */ = {
			isa = PBXFrameworksBuildPhase;
			buildActionMask = 2147483647;
			files = (
			);
			runOnlyForDeploymentPostprocessing = 0;
		};
		C328F8152EFE3AAE0041A405 /* Frameworks */ = {
			isa = PBXFrameworksBuildPhase;
			buildActionMask = 2147483647;
			files = (
			);
			runOnlyForDeploymentPostprocessing = 0;
		};
/* End PBXFrameworksBuildPhase section */

/* Begin PBXGroup section */
		C328F7F52EFE3AAD0041A405 = {
			isa = PBXGroup;
			children = (
				C328F8002EFE3AAD0041A405 /* MeetInMiddle */,
				C328F8112EFE3AAE0041A405 /* MeetInMiddleTests */,
				C328F81B2EFE3AAE0041A405 /* MeetInMiddleUITests */,
				C328F7FF2EFE3AAD0041A405 /* Products */,
			);
			sourceTree = "<group>";
		};
		C328F7FF2EFE3AAD0041A405 /* Products */ = {
			isa = PBXGroup;
			children = (
				C328F7FE2EFE3AAD0041A405 /* MeetInMiddle.app */,
				C328F80E2EFE3AAE0041A405 /* MeetInMiddleTests.xctest */,
				C328F8182EFE3AAE0041A405 /* MeetInMiddleUITests.xctest */,
			);
			name = Products;
			sourceTree = "<group>";
		};
/* End PBXGroup section */

/* Begin PBXNativeTarget section */
		C328F7FD2EFE3AAD0041A405 /* MeetInMiddle */ = {
			isa = PBXNativeTarget;
			buildConfigurationList = C328F8222EFE3AAE0041A405 /* Build configuration list for PBXNativeTarget "MeetInMiddle" */;
			buildPhases = (
				C328F7FA2EFE3AAD0041A405 /* Sources */,
				C328F7FB2EFE3AAD0041A405 /* Frameworks */,
				C328F7FC2EFE3AAD0041A405 /* Resources */,
			);
			buildRules = (
			);
			dependencies = (
			);
			fileSystemSynchronizedGroups = (
				C328F8002EFE3AAD0041A405 /* MeetInMiddle */,
			);
			name = MeetInMiddle;
			packageProductDependencies = (
			);
			productName = MeetInMiddle;
			productReference = C328F7FE2EFE3AAD0041A405 /* MeetInMiddle.app */;
			productType = "com.apple.product-type.application";
		};
		C328F80D2EFE3AAE0041A405 /* MeetInMiddleTests */ = {
			isa = PBXNativeTarget;
			buildConfigurationList = C328F8252EFE3AAE0041A405 /* Build configuration list for PBXNativeTarget "MeetInMiddleTests" */;
			buildPhases = (
				C328F80A2EFE3AAE0041A405 /* Sources */,
				C328F80B2EFE3AAE0041A405 /* Frameworks */,
				C328F80C2EFE3AAE0041A405 /* Resources */,
			);
			buildRules = (
			);
			dependencies = (
				C328F8102EFE3AAE0041A405 /* PBXTargetDependency */,
			);
			fileSystemSynchronizedGroups = (
				C328F8112EFE3AAE0041A405 /* MeetInMiddleTests */,
			);
			name = MeetInMiddleTests;
			packageProductDependencies = (
			);
			productName = MeetInMiddleTests;
			productReference = C328F80E2EFE3AAE0041A405 /* MeetInMiddleTests.xctest */;
			productType = "com.apple.product-type.bundle.unit-test";
		};
		C328F8172EFE3AAE0041A405 /* MeetInMiddleUITests */ = {
			isa = PBXNativeTarget;
			buildConfigurationList = C328F8282EFE3AAE0041A405 /* Build configuration list for PBXNativeTarget "MeetInMiddleUITests" */;
			buildPhases = (
				C328F8142EFE3AAE0041A405 /* Sources */,
				C328F8152EFE3AAE0041A405 /* Frameworks */,
				C328F8162EFE3AAE0041A405 /* Resources */,
			);
			buildRules = (
			);
			dependencies = (
				C328F81A2EFE3AAE0041A405 /* PBXTargetDependency */,
			);
			fileSystemSynchronizedGroups = (
				C328F81B2EFE3AAE0041A405 /* MeetInMiddleUITests */,
			);
			name = MeetInMiddleUITests;
			packageProductDependencies = (
			);
			productName = MeetInMiddleUITests;
			productReference = C328F8182EFE3AAE0041A405 /* MeetInMiddleUITests.xctest */;
			productType = "com.apple.product-type.bundle.ui-testing";
		};
/* End PBXNativeTarget section */

/* Begin PBXProject section */
		C328F7F62EFE3AAD0041A405 /* Project object */ = {
			isa = PBXProject;
			attributes = {
				BuildIndependentTargetsInParallel = 1;
				LastSwiftUpdateCheck = 1620;
				LastUpgradeCheck = 1620;
				TargetAttributes = {
					C328F7FD2EFE3AAD0041A405 = {
						CreatedOnToolsVersion = 16.2;
					};
					C328F80D2EFE3AAE0041A405 = {
						CreatedOnToolsVersion = 16.2;
						TestTargetID = C328F7FD2EFE3AAD0041A405;
					};
					C328F8172EFE3AAE0041A405 = {
						CreatedOnToolsVersion = 16.2;
						TestTargetID = C328F7FD2EFE3AAD0041A405;
					};
				};
			};
			buildConfigurationList = C328F7F92EFE3AAD0041A405 /* Build configuration list for PBXProject "MeetInMiddle" */;
			developmentRegion = en;
			hasScannedForEncodings = 0;
			knownRegions = (
				en,
				Base,
			);
			mainGroup = C328F7F52EFE3AAD0041A405;
			minimizedProjectReferenceProxies = 1;
			preferredProjectObjectVersion = 77;
			productRefGroup = C328F7FF2EFE3AAD0041A405 /* Products */;
			projectDirPath = "";
			projectRoot = "";
			targets = (
				C328F7FD2EFE3AAD0041A405 /* MeetInMiddle */,
				C328F80D2EFE3AAE0041A405 /* MeetInMiddleTests */,
				C328F8172EFE3AAE0041A405 /* MeetInMiddleUITests */,
			);
		};
/* End PBXProject section */

/* Begin PBXResourcesBuildPhase section */
		C328F7FC2EFE3AAD0041A405 /* Resources */ = {
			isa = PBXResourcesBuildPhase;
			buildActionMask = 2147483647;
			files = (
			);
			runOnlyForDeploymentPostprocessing = 0;
		};
		C328F80C2EFE3AAE0041A405 /* Resources */ = {
			isa = PBXResourcesBuildPhase;
			buildActionMask = 2147483647;
			files = (
			);
			runOnlyForDeploymentPostprocessing = 0;
		};
		C328F8162EFE3AAE0041A405 /* Resources */ = {
			isa = PBXResourcesBuildPhase;
			buildActionMask = 2147483647;
			files = (
			);
			runOnlyForDeploymentPostprocessing = 0;
		};
/* End PBXResourcesBuildPhase section */

/* Begin PBXSourcesBuildPhase section */
		C328F7FA2EFE3AAD0041A405 /* Sources */ = {
			isa = PBXSourcesBuildPhase;
			buildActionMask = 2147483647;
			files = (
			);
			runOnlyForDeploymentPostprocessing = 0;
		};
		C328F80A2EFE3AAE0041A405 /* Sources */ = {
			isa = PBXSourcesBuildPhase;
			buildActionMask = 2147483647;
			files = (
			);
			runOnlyForDeploymentPostprocessing = 0;
		};
		C328F8142EFE3AAE0041A405 /* Sources */ = {
			isa = PBXSourcesBuildPhase;
			buildActionMask = 2147483647;
			files = (
			);
			runOnlyForDeploymentPostprocessing = 0;
		};
/* End PBXSourcesBuildPhase section */

/* Begin PBXTargetDependency section */
		C328F8102EFE3AAE0041A405 /* PBXTargetDependency */ = {
			isa = PBXTargetDependency;
			target = C328F7FD2EFE3AAD0041A405 /* MeetInMiddle */;
			targetProxy = C328F80F2EFE3AAE0041A405 /* PBXContainerItemProxy */;
		};
		C328F81A2EFE3AAE0041A405 /* PBXTargetDependency */ = {
			isa = PBXTargetDependency;
			target = C328F7FD2EFE3AAD0041A405 /* MeetInMiddle */;
			targetProxy = C328F8192EFE3AAE0041A405 /* PBXContainerItemProxy */;
		};
/* End PBXTargetDependency section */

/* Begin XCBuildConfiguration section */
		C328F8202EFE3AAE0041A405 /* Debug */ = {
			isa = XCBuildConfiguration;
			buildSettings = {
				ALWAYS_SEARCH_USER_PATHS = NO;
				ASSETCATALOG_COMPILER_GENERATE_SWIFT_ASSET_SYMBOL_EXTENSIONS = YES;
				CLANG_ANALYZER_NONNULL = YES;
				CLANG_ANALYZER_NUMBER_OBJECT_CONVERSION = YES_AGGRESSIVE;
				CLANG_CXX_LANGUAGE_STANDARD = "gnu++20";
				CLANG_ENABLE_MODULES = YES;
				CLANG_ENABLE_OBJC_ARC = YES;
				CLANG_ENABLE_OBJC_WEAK = YES;
				CLANG_WARN_BLOCK_CAPTURE_AUTORELEASING = YES;
				CLANG_WARN_BOOL_CONVERSION = YES;
				CLANG_WARN_COMMA = YES;
				CLANG_WARN_CONSTANT_CONVERSION = YES;
				CLANG_WARN_DEPRECATED_OBJC_IMPLEMENTATIONS = YES;
				CLANG_WARN_DIRECT_OBJC_ISA_USAGE = YES_ERROR;
				CLANG_WARN_DOCUMENTATION_COMMENTS = YES;
				CLANG_WARN_EMPTY_BODY = YES;
				CLANG_WARN_ENUM_CONVERSION = YES;
				CLANG_WARN_INFINITE_RECURSION = YES;
				CLANG_WARN_INT_CONVERSION = YES;
				CLANG_WARN_NON_LITERAL_NULL_CONVERSION = YES;
				CLANG_WARN_OBJC_IMPLICIT_RETAIN_SELF = YES;
				CLANG_WARN_OBJC_LITERAL_CONVERSION = YES;
				CLANG_WARN_OBJC_ROOT_CLASS = YES_ERROR;
				CLANG_WARN_QUOTED_INCLUDE_IN_FRAMEWORK_HEADER = YES;
				CLANG_WARN_RANGE_LOOP_ANALYSIS = YES;
				CLANG_WARN_STRICT_PROTOTYPES = YES;
				CLANG_WARN_SUSPICIOUS_MOVE = YES;
				CLANG_WARN_UNGUARDED_AVAILABILITY = YES_AGGRESSIVE;
				CLANG_WARN_UNREACHABLE_CODE = YES;
				CLANG_WARN__DUPLICATE_METHOD_MATCH = YES;
				COPY_PHASE_STRIP = NO;
				DEBUG_INFORMATION_FORMAT = dwarf;
				ENABLE_STRICT_OBJC_MSGSEND = YES;
				ENABLE_TESTABILITY = YES;
				ENABLE_USER_SCRIPT_SANDBOXING = YES;
				GCC_C_LANGUAGE_STANDARD = gnu17;
				GCC_DYNAMIC_NO_PIC = NO;
				GCC_NO_COMMON_BLOCKS = YES;
				GCC_OPTIMIZATION_LEVEL = 0;
				GCC_PREPROCESSOR_DEFINITIONS = (
					"DEBUG=1",
					"$(inherited)",
				);
				GCC_WARN_64_TO_32_BIT_CONVERSION = YES;
				GCC_WARN_ABOUT_RETURN_TYPE = YES_ERROR;
				GCC_WARN_UNDECLARED_SELECTOR = YES;
				GCC_WARN_UNINITIALIZED_AUTOS = YES_AGGRESSIVE;
				GCC_WARN_UNUSED_FUNCTION = YES;
				GCC_WARN_UNUSED_VARIABLE = YES;
				IPHONEOS_DEPLOYMENT_TARGET = 18.2;
				LOCALIZATION_PREFERS_STRING_CATALOGS = YES;
				MTL_ENABLE_DEBUG_INFO = INCLUDE_SOURCE;
				MTL_FAST_MATH = YES;
				ONLY_ACTIVE_ARCH = YES;
				SDKROOT = iphoneos;
				SWIFT_ACTIVE_COMPILATION_CONDITIONS = "DEBUG $(inherited)";
				SWIFT_OPTIMIZATION_LEVEL = "-Onone";
			};
			name = Debug;
		};
		C328F8212EFE3AAE0041A405 /* Release */ = {
			isa = XCBuildConfiguration;
			buildSettings = {
				ALWAYS_SEARCH_USER_PATHS = NO;
				ASSETCATALOG_COMPILER_GENERATE_SWIFT_ASSET_SYMBOL_EXTENSIONS = YES;
				CLANG_ANALYZER_NONNULL = YES;
				CLANG_ANALYZER_NUMBER_OBJECT_CONVERSION = YES_AGGRESSIVE;
				CLANG_CXX_LANGUAGE_STANDARD = "gnu++20";
				CLANG_ENABLE_MODULES = YES;
				CLANG_ENABLE_OBJC_ARC = YES;
				CLANG_ENABLE_OBJC_WEAK = YES;
				CLANG_WARN_BLOCK_CAPTURE_AUTORELEASING = YES;
				CLANG_WARN_BOOL_CONVERSION = YES;
				CLANG_WARN_COMMA = YES;
				CLANG_WARN_CONSTANT_CONVERSION = YES;
				CLANG_WARN_DEPRECATED_OBJC_IMPLEMENTATIONS = YES;
				CLANG_WARN_DIRECT_OBJC_ISA_USAGE = YES_ERROR;
				CLANG_WARN_DOCUMENTATION_COMMENTS = YES;
				CLANG_WARN_EMPTY_BODY = YES;
				CLANG_WARN_ENUM_CONVERSION = YES;
				CLANG_WARN_INFINITE_RECURSION = YES;
				CLANG_WARN_INT_CONVERSION = YES;
				CLANG_WARN_NON_LITERAL_NULL_CONVERSION = YES;
				CLANG_WARN_OBJC_IMPLICIT_RETAIN_SELF = YES;
				CLANG_WARN_OBJC_LITERAL_CONVERSION = YES;
				CLANG_WARN_OBJC_ROOT_CLASS = YES_ERROR;
				CLANG_WARN_QUOTED_INCLUDE_IN_FRAMEWORK_HEADER = YES;
				CLANG_WARN_RANGE_LOOP_ANALYSIS = YES;
				CLANG_WARN_STRICT_PROTOTYPES = YES;
				CLANG_WARN_SUSPICIOUS_MOVE = YES;
				CLANG_WARN_UNGUARDED_AVAILABILITY = YES_AGGRESSIVE;
				CLANG_WARN_UNREACHABLE_CODE = YES;
				CLANG_WARN__DUPLICATE_METHOD_MATCH = YES;
				COPY_PHASE_STRIP = NO;
				DEBUG_INFORMATION_FORMAT = "dwarf-with-dsym";
				ENABLE_NS_ASSERTIONS = NO;
				ENABLE_STRICT_OBJC_MSGSEND = YES;
				ENABLE_USER_SCRIPT_SANDBOXING = YES;
				GCC_C_LANGUAGE_STANDARD = gnu17;
				GCC_NO_COMMON_BLOCKS = YES;
				GCC_WARN_64_TO_32_BIT_CONVERSION = YES;
				GCC_WARN_ABOUT_RETURN_TYPE = YES_ERROR;
				GCC_WARN_UNDECLARED_SELECTOR = YES;
				GCC_WARN_UNINITIALIZED_AUTOS = YES_AGGRESSIVE;
				GCC_WARN_UNUSED_FUNCTION = YES;
				GCC_WARN_UNUSED_VARIABLE = YES;
				IPHONEOS_DEPLOYMENT_TARGET = 18.2;
				LOCALIZATION_PREFERS_STRING_CATALOGS = YES;
				MTL_ENABLE_DEBUG_INFO = NO;
				MTL_FAST_MATH = YES;
				SDKROOT = iphoneos;
				SWIFT_COMPILATION_MODE = wholemodule;
				VALIDATE_PRODUCT = YES;
			};
			name = Release;
		};
		C328F8232EFE3AAE0041A405 /* Debug */ = {
			isa = XCBuildConfiguration;
			buildSettings = {
				ASSETCATALOG_COMPILER_APPICON_NAME = AppIcon;
				ASSETCATALOG_COMPILER_GLOBAL_ACCENT_COLOR_NAME = AccentColor;
				CODE_SIGN_STYLE = Automatic;
				CURRENT_PROJECT_VERSION = 1;
				DEVELOPMENT_ASSET_PATHS = "\"MeetInMiddle/Preview Content\"";
				DEVELOPMENT_TEAM = 72ABVF7TX2;
				ENABLE_PREVIEWS = YES;
				GENERATE_INFOPLIST_FILE = YES;
				INFOPLIST_KEY_UIApplicationSceneManifest_Generation = YES;
				INFOPLIST_KEY_UIApplicationSupportsIndirectInputEvents = YES;
				INFOPLIST_KEY_UILaunchScreen_Generation = YES;
				INFOPLIST_KEY_UISupportedInterfaceOrientations_iPad = "UIInterfaceOrientationPortrait UIInterfaceOrientationPortraitUpsideDown UIInterfaceOrientationLandscapeLeft UIInterfaceOrientationLandscapeRight";
				INFOPLIST_KEY_UISupportedInterfaceOrientations_iPhone = "UIInterfaceOrientationPortrait UIInterfaceOrientationLandscapeLeft UIInterfaceOrientationLandscapeRight";
				LD_RUNPATH_SEARCH_PATHS = (
					"$(inherited)",
					"@executable_path/Frameworks",
				);
				MARKETING_VERSION = 1.0;
				PRODUCT_BUNDLE_IDENTIFIER = "Meet-In-Middle.MeetInMiddle";
				PRODUCT_NAME = "$(TARGET_NAME)";
				SWIFT_EMIT_LOC_STRINGS = YES;
				SWIFT_VERSION = 5.0;
				TARGETED_DEVICE_FAMILY = "1,2";
			};
			name = Debug;
		};
		C328F8242EFE3AAE0041A405 /* Release */ = {
			isa = XCBuildConfiguration;
			buildSettings = {
				ASSETCATALOG_COMPILER_APPICON_NAME = AppIcon;
				ASSETCATALOG_COMPILER_GLOBAL_ACCENT_COLOR_NAME = AccentColor;
				CODE_SIGN_STYLE = Automatic;
				CURRENT_PROJECT_VERSION = 1;
				DEVELOPMENT_ASSET_PATHS = "\"MeetInMiddle/Preview Content\"";
				DEVELOPMENT_TEAM = 72ABVF7TX2;
				ENABLE_PREVIEWS = YES;
				GENERATE_INFOPLIST_FILE = YES;
				INFOPLIST_KEY_UIApplicationSceneManifest_Generation = YES;
				INFOPLIST_KEY_UIApplicationSupportsIndirectInputEvents = YES;
				INFOPLIST_KEY_UILaunchScreen_Generation = YES;
				INFOPLIST_KEY_UISupportedInterfaceOrientations_iPad = "UIInterfaceOrientationPortrait UIInterfaceOrientationPortraitUpsideDown UIInterfaceOrientationLandscapeLeft UIInterfaceOrientationLandscapeRight";
				INFOPLIST_KEY_UISupportedInterfaceOrientations_iPhone = "UIInterfaceOrientationPortrait UIInterfaceOrientationLandscapeLeft UIInterfaceOrientationLandscapeRight";
				LD_RUNPATH_SEARCH_PATHS = (
					"$(inherited)",
					"@executable_path/Frameworks",
				);
				MARKETING_VERSION = 1.0;
				PRODUCT_BUNDLE_IDENTIFIER = "Meet-In-Middle.MeetInMiddle";
				PRODUCT_NAME = "$(TARGET_NAME)";
				SWIFT_EMIT_LOC_STRINGS = YES;
				SWIFT_VERSION = 5.0;
				TARGETED_DEVICE_FAMILY = "1,2";
			};
			name = Release;
		};
		C328F8262EFE3AAE0041A405 /* Debug */ = {
			isa = XCBuildConfiguration;
			buildSettings = {
				BUNDLE_LOADER = "$(TEST_HOST)";
				CODE_SIGN_STYLE = Automatic;
				CURRENT_PROJECT_VERSION = 1;
				DEVELOPMENT_TEAM = 72ABVF7TX2;
				GENERATE_INFOPLIST_FILE = YES;
				IPHONEOS_DEPLOYMENT_TARGET = 18.2;
				MARKETING_VERSION = 1.0;
				PRODUCT_BUNDLE_IDENTIFIER = "Meet-In-Middle.MeetInMiddleTests";
				PRODUCT_NAME = "$(TARGET_NAME)";
				SWIFT_EMIT_LOC_STRINGS = NO;
				SWIFT_VERSION = 5.0;
				TARGETED_DEVICE_FAMILY = "1,2";
				TEST_HOST = "$(BUILT_PRODUCTS_DIR)/MeetInMiddle.app/$(BUNDLE_EXECUTABLE_FOLDER_PATH)/MeetInMiddle";
			};
			name = Debug;
		};
		C328F8272EFE3AAE0041A405 /* Release */ = {
			isa = XCBuildConfiguration;
			buildSettings = {
				BUNDLE_LOADER = "$(TEST_HOST)";
				CODE_SIGN_STYLE = Automatic;
				CURRENT_PROJECT_VERSION = 1;
				DEVELOPMENT_TEAM = 72ABVF7TX2;
				GENERATE_INFOPLIST_FILE = YES;
				IPHONEOS_DEPLOYMENT_TARGET = 18.2;
				MARKETING_VERSION = 1.0;
				PRODUCT_BUNDLE_IDENTIFIER = "Meet-In-Middle.MeetInMiddleTests";
				PRODUCT_NAME = "$(TARGET_NAME)";
				SWIFT_EMIT_LOC_STRINGS = NO;
				SWIFT_VERSION = 5.0;
				TARGETED_DEVICE_FAMILY = "1,2";
				TEST_HOST = "$(BUILT_PRODUCTS_DIR)/MeetInMiddle.app/$(BUNDLE_EXECUTABLE_FOLDER_PATH)/MeetInMiddle";
			};
			name = Release;
		};
		C328F8292EFE3AAE0041A405 /* Debug */ = {
			isa = XCBuildConfiguration;
			buildSettings = {
				CODE_SIGN_STYLE = Automatic;
				CURRENT_PROJECT_VERSION = 1;
				DEVELOPMENT_TEAM = 72ABVF7TX2;
				GENERATE_INFOPLIST_FILE = YES;
				MARKETING_VERSION = 1.0;
				PRODUCT_BUNDLE_IDENTIFIER = "Meet-In-Middle.MeetInMiddleUITests";
				PRODUCT_NAME = "$(TARGET_NAME)";
				SWIFT_EMIT_LOC_STRINGS = NO;
				SWIFT_VERSION = 5.0;
				TARGETED_DEVICE_FAMILY = "1,2";
				TEST_TARGET_NAME = MeetInMiddle;
			};
			name = Debug;
		};
		C328F82A2EFE3AAE0041A405 /* Release */ = {
			isa = XCBuildConfiguration;
			buildSettings = {
				CODE_SIGN_STYLE = Automatic;
				CURRENT_PROJECT_VERSION = 1;
				DEVELOPMENT_TEAM = 72ABVF7TX2;
				GENERATE_INFOPLIST_FILE = YES;
				MARKETING_VERSION = 1.0;
				PRODUCT_BUNDLE_IDENTIFIER = "Meet-In-Middle.MeetInMiddleUITests";
				PRODUCT_NAME = "$(TARGET_NAME)";
				SWIFT_EMIT_LOC_STRINGS = NO;
				SWIFT_VERSION = 5.0;
				TARGETED_DEVICE_FAMILY = "1,2";
				TEST_TARGET_NAME = MeetInMiddle;
			};
			name = Release;
		};
/* End XCBuildConfiguration section */

/* Begin XCConfigurationList section */
		C328F7F92EFE3AAD0041A405 /* Build configuration list for PBXProject "MeetInMiddle" */ = {
			isa = XCConfigurationList;
			buildConfigurations = (
				C328F8202EFE3AAE0041A405 /* Debug */,
				C328F8212EFE3AAE0041A405 /* Release */,
			);
			defaultConfigurationIsVisible = 0;
			defaultConfigurationName = Release;
		};
		C328F8222EFE3AAE0041A405 /* Build configuration list for PBXNativeTarget "MeetInMiddle" */ = {
			isa = XCConfigurationList;
			buildConfigurations = (
				C328F8232EFE3AAE0041A405 /* Debug */,
				C328F8242EFE3AAE0041A405 /* Release */,
			);
			defaultConfigurationIsVisible = 0;
			defaultConfigurationName = Release;
		};
		C328F8252EFE3AAE0041A405 /* Build configuration list for PBXNativeTarget "MeetInMiddleTests" */ = {
			isa = XCConfigurationList;
			buildConfigurations = (
				C328F8262EFE3AAE0041A405 /* Debug */,
				C328F8272EFE3AAE0041A405 /* Release */,
			);
			defaultConfigurationIsVisible = 0;
			defaultConfigurationName = Release;
		};
		C328F8282EFE3AAE0041A405 /* Build configuration list for PBXNativeTarget "MeetInMiddleUITests" */ = {
			isa = XCConfigurationList;
			buildConfigurations = (
				C328F8292EFE3AAE0041A405 /* Debug */,
				C328F82A2EFE3AAE0041A405 /* Release */,
			);
			defaultConfigurationIsVisible = 0;
			defaultConfigurationName = Release;
		};
/* End XCConfigurationList section */
	};
	rootObject = C328F7F62EFE3AAD0041A405 /* Project object */;
}
